
Microsoft Visual Studio Solution File, Format Version 12.00
# Visual Studio Version 17
VisualStudioVersion = 17.7.34024.191
MinimumVisualStudioVersion = 10.0.40219.1
Project("{FAE04EC0-301F-11D3-BF4B-00C04F79EFBC}") = "TaskManagement", "TaskManagement\TaskManagement.csproj", "{FB5FD90B-F602-420D-AF34-2D96CFD6A949}"
EndProject
Global
	GlobalSection(SolutionConfigurationPlatforms) = preSolution
		Debug|Any CPU = Debug|Any CPU
		Release|Any CPU = Release|Any CPU
	EndGlobalSection
	GlobalSection(ProjectConfigurationPlatforms) = postSolution
		{FB5FD90B-F602-420D-AF34-2D96CFD6A949}.Debug|Any CPU.ActiveCfg = Debug|Any CPU
		{FB5FD90B-F602-420D-AF34-2D96CFD6A949}.Debug|Any CPU.Build.0 = Debug|Any CPU
		{FB5FD90B-F602-420D-AF34-2D96CFD6A949}.Release|Any CPU.ActiveCfg = Release|Any CPU
		{FB5FD90B-F602-420D-AF34-2D96CFD6A949}.Release|Any CPU.Build.0 = Release|Any CPU
	EndGlobalSection
	GlobalSection(SolutionProperties) = preSolution
		HideSolutionNode = FALSE
	EndGlobalSection
	GlobalSection(ExtensibilityGlobals) = postSolution
		SolutionGuid = {6636A66F-125F-4DED-9230-71C3246ED4AF}
	EndGlobalSection
EndGlobal
